
Microsoft Visual Studio Solution File, Format Version 12.00
# Visual Studio Version 16
VisualStudioVersion = 16.0.30002.166
MinimumVisualStudioVersion = 10.0.40219.1
Project("{9A19103F-16F7-4668-BE54-9A1E7A4F7556}") = "CovarianciaContravaiancia", "CovarianciaContravaiancia\CovarianciaContravaiancia.csproj", "{C43516C3-3FF8-4FA6-AD0A-906521060E1E}"
EndProject
Project("{9A19103F-16F7-4668-BE54-9A1E7A4F7556}") = "DelegatesMulticast", "DelegatesMulticast\DelegatesMulticast.csproj", "{64F0CC5E-6F8E-46B1-8C2E-687154CFB77B}"
EndProject
Project("{9A19103F-16F7-4668-BE54-9A1E7A4F7556}") = "DelegatesGenericos", "DelegatesGenericos\DelegatesGenericos.csproj", "{120984E9-DF41-45BD-BF33-DCACD1ACB71D}"
EndProject
Project("{FAE04EC0-301F-11D3-BF4B-00C04F79EFBC}") = "EstudoEventos", "EstudoEventos\EstudoEventos.csproj", "{FB87BCFE-CDD3-4B36-92BC-B9BB6E65E34F}"
EndProject
Project("{FAE04EC0-301F-11D3-BF4B-00C04F79EFBC}") = "ExpressoesLambda", "ExpressoesLambda\ExpressoesLambda.csproj", "{5CAB5E09-BD92-4CB3-9B91-D432B3CFB6BE}"
EndProject
Project("{FAE04EC0-301F-11D3-BF4B-00C04F79EFBC}") = "MetodosExtensao", "MetodosExtensao\MetodosExtensao.csproj", "{F73B737E-9CE5-4D86-87FE-908EA1B5C741}"
EndProject
Project("{FAE04EC0-301F-11D3-BF4B-00C04F79EFBC}") = "EstudoLinq", "EstudoLinq\EstudoLinq.csproj", "{E9F20A18-1AF9-4885-87BC-EA904F64E25C}"
EndProject
Project("{FAE04EC0-301F-11D3-BF4B-00C04F79EFBC}") = "Aula8Exercicio2", "Aula8Exercicio2\Aula8Exercicio2.csproj", "{1BAE33F1-F734-4AB1-83C2-386D03DE8829}"
EndProject
Global
	GlobalSection(SolutionConfigurationPlatforms) = preSolution
		Debug|Any CPU = Debug|Any CPU
		Release|Any CPU = Release|Any CPU
	EndGlobalSection
	GlobalSection(ProjectConfigurationPlatforms) = postSolution
		{C43516C3-3FF8-4FA6-AD0A-906521060E1E}.Debug|Any CPU.ActiveCfg = Debug|Any CPU
		{C43516C3-3FF8-4FA6-AD0A-906521060E1E}.Debug|Any CPU.Build.0 = Debug|Any CPU
		{C43516C3-3FF8-4FA6-AD0A-906521060E1E}.Release|Any CPU.ActiveCfg = Release|Any CPU
		{C43516C3-3FF8-4FA6-AD0A-906521060E1E}.Release|Any CPU.Build.0 = Release|Any CPU
		{64F0CC5E-6F8E-46B1-8C2E-687154CFB77B}.Debug|Any CPU.ActiveCfg = Debug|Any CPU
		{64F0CC5E-6F8E-46B1-8C2E-687154CFB77B}.Debug|Any CPU.Build.0 = Debug|Any CPU
		{64F0CC5E-6F8E-46B1-8C2E-687154CFB77B}.Release|Any CPU.ActiveCfg = Release|Any CPU
		{64F0CC5E-6F8E-46B1-8C2E-687154CFB77B}.Release|Any CPU.Build.0 = Release|Any CPU
		{120984E9-DF41-45BD-BF33-DCACD1ACB71D}.Debug|Any CPU.ActiveCfg = Debug|Any CPU
		{120984E9-DF41-45BD-BF33-DCACD1ACB71D}.Debug|Any CPU.Build.0 = Debug|Any CPU
		{120984E9-DF41-45BD-BF33-DCACD1ACB71D}.Release|Any CPU.ActiveCfg = Release|Any CPU
		{120984E9-DF41-45BD-BF33-DCACD1ACB71D}.Release|Any CPU.Build.0 = Release|Any CPU
		{FB87BCFE-CDD3-4B36-92BC-B9BB6E65E34F}.Debug|Any CPU.ActiveCfg = Debug|Any CPU
		{FB87BCFE-CDD3-4B36-92BC-B9BB6E65E34F}.Debug|Any CPU.Build.0 = Debug|Any CPU
		{FB87BCFE-CDD3-4B36-92BC-B9BB6E65E34F}.Release|Any CPU.ActiveCfg = Release|Any CPU
		{FB87BCFE-CDD3-4B36-92BC-B9BB6E65E34F}.Release|Any CPU.Build.0 = Release|Any CPU
		{5CAB5E09-BD92-4CB3-9B91-D432B3CFB6BE}.Debug|Any CPU.ActiveCfg = Debug|Any CPU
		{5CAB5E09-BD92-4CB3-9B91-D432B3CFB6BE}.Debug|Any CPU.Build.0 = Debug|Any CPU
		{5CAB5E09-BD92-4CB3-9B91-D432B3CFB6BE}.Release|Any CPU.ActiveCfg = Release|Any CPU
		{5CAB5E09-BD92-4CB3-9B91-D432B3CFB6BE}.Release|Any CPU.Build.0 = Release|Any CPU
		{F73B737E-9CE5-4D86-87FE-908EA1B5C741}.Debug|Any CPU.ActiveCfg = Debug|Any CPU
		{F73B737E-9CE5-4D86-87FE-908EA1B5C741}.Debug|Any CPU.Build.0 = Debug|Any CPU
		{F73B737E-9CE5-4D86-87FE-908EA1B5C741}.Release|Any CPU.ActiveCfg = Release|Any CPU
		{F73B737E-9CE5-4D86-87FE-908EA1B5C741}.Release|Any CPU.Build.0 = Release|Any CPU
		{E9F20A18-1AF9-4885-87BC-EA904F64E25C}.Debug|Any CPU.ActiveCfg = Debug|Any CPU
		{E9F20A18-1AF9-4885-87BC-EA904F64E25C}.Debug|Any CPU.Build.0 = Debug|Any CPU
		{E9F20A18-1AF9-4885-87BC-EA904F64E25C}.Release|Any CPU.ActiveCfg = Release|Any CPU
		{E9F20A18-1AF9-4885-87BC-EA904F64E25C}.Release|Any CPU.Build.0 = Release|Any CPU
		{1BAE33F1-F734-4AB1-83C2-386D03DE8829}.Debug|Any CPU.ActiveCfg = Debug|Any CPU
		{1BAE33F1-F734-4AB1-83C2-386D03DE8829}.Debug|Any CPU.Build.0 = Debug|Any CPU
		{1BAE33F1-F734-4AB1-83C2-386D03DE8829}.Release|Any CPU.ActiveCfg = Release|Any CPU
		{1BAE33F1-F734-4AB1-83C2-386D03DE8829}.Release|Any CPU.Build.0 = Release|Any CPU
	EndGlobalSection
	GlobalSection(SolutionProperties) = preSolution
		HideSolutionNode = FALSE
	EndGlobalSection
	GlobalSection(ExtensibilityGlobals) = postSolution
		SolutionGuid = {DB401569-83C7-418C-B629-707143671246}
	EndGlobalSection
EndGlobal
